
Microsoft Visual Studio Solution File, Format Version 12.00
# Visual Studio Version 16
VisualStudioVersion = 16.0.31702.278
MinimumVisualStudioVersion = 10.0.40219.1
Project("{8BC9CEB8-8B4A-11D0-8D11-00A0C91BC942}") = "RUDP", "RUDP\RUDP.vcxproj", "{18244218-E34C-4E36-97A8-D6610F888A15}"
EndProject
Global
	GlobalSection(SolutionConfigurationPlatforms) = preSolution
		Debug|x64 = Debug|x64
		Debug|x86 = Debug|x86
		Release|x64 = Release|x64
		Release|x86 = Release|x86
	EndGlobalSection
	GlobalSection(ProjectConfigurationPlatforms) = postSolution
		{18244218-E34C-4E36-97A8-D6610F888A15}.Debug|x64.ActiveCfg = Debug|x64
		{18244218-E34C-4E36-97A8-D6610F888A15}.Debug|x64.Build.0 = Debug|x64
		{18244218-E34C-4E36-97A8-D6610F888A15}.Debug|x86.ActiveCfg = Debug|Win32
		{18244218-E34C-4E36-97A8-D6610F888A15}.Debug|x86.Build.0 = Debug|Win32
		{18244218-E34C-4E36-97A8-D6610F888A15}.Release|x64.ActiveCfg = Release|x64
		{18244218-E34C-4E36-97A8-D6610F888A15}.Release|x64.Build.0 = Release|x64
		{18244218-E34C-4E36-97A8-D6610F888A15}.Release|x86.ActiveCfg = Release|Win32
		{18244218-E34C-4E36-97A8-D6610F888A15}.Release|x86.Build.0 = Release|Win32
	EndGlobalSection
	GlobalSection(SolutionProperties) = preSolution
		HideSolutionNode = FALSE
	EndGlobalSection
	GlobalSection(ExtensibilityGlobals) = postSolution
		SolutionGuid = {C46728C1-483D-4421-9E6C-A965B21C5C0F}
	EndGlobalSection
EndGlobal
